// !$*UTF8*$!
{
	archiveVersion = 1;
	classes = {
	};
	objectVersion = 55;
	objects = {

/* Begin PBXBuildFile section */
		1F185B9028A451F100D8681E /* WalkingContainerView.swift in Sources */ = {isa = PBXBuildFile; fileRef = 1F185B8F28A451F100D8681E /* WalkingContainerView.swift */; };
		1F185B9228A5AED200D8681E /* PhaseSequencing.swift in Sources */ = {isa = PBXBuildFile; fileRef = 1F185B9128A5AED200D8681E /* PhaseSequencing.swift */; };
		1F26AFA8286E049800586654 /* HorizontalBar.swift in Sources */ = {isa = PBXBuildFile; fileRef = 1F26AFA7286E049800586654 /* HorizontalBar.swift */; };
		1F26AFAA286E056400586654 /* LogViewSizing.swift in Sources */ = {isa = PBXBuildFile; fileRef = 1F26AFA9286E056400586654 /* LogViewSizing.swift */; };
		1F26AFAD286E203300586654 /* DASIQuestions.json in Resources */ = {isa = PBXBuildFile; fileRef = 1F26AFAC286E203300586654 /* DASIQuestions.json */; };
		1F26AFB3286E20BF00586654 /* DASIQuestionView.swift in Sources */ = {isa = PBXBuildFile; fileRef = 1F26AFB2286E20BF00586654 /* DASIQuestionView.swift */; };
		1F26AFB5286E214A00586654 /* DASIQuestions.swift in Sources */ = {isa = PBXBuildFile; fileRef = 1F26AFB4286E214A00586654 /* DASIQuestions.swift */; };
		1F26AFB7286E217300586654 /* SurveyContainerView.swift in Sources */ = {isa = PBXBuildFile; fileRef = 1F26AFB6286E217300586654 /* SurveyContainerView.swift */; };
		1F26AFBD286E226600586654 /* SubjectID.swift in Sources */ = {isa = PBXBuildFile; fileRef = 1F26AFBC286E226600586654 /* SubjectID.swift */; };
		1F26AFBF286E22CF00586654 /* DASIPages.swift in Sources */ = {isa = PBXBuildFile; fileRef = 1F26AFBE286E22CF00586654 /* DASIPages.swift */; };
		1F26AFC8286E27FB00586654 /* YesNoButton.swift in Sources */ = {isa = PBXBuildFile; fileRef = 1F26AFC5286E27FB00586654 /* YesNoButton.swift */; };
		1F26AFC9286E27FB00586654 /* YesNoStack.swift in Sources */ = {isa = PBXBuildFile; fileRef = 1F26AFC6286E27FB00586654 /* YesNoStack.swift */; };
		1F35080728A4318400C3F846 /* InterstitialPageView.swift in Sources */ = {isa = PBXBuildFile; fileRef = 1F35080628A4318400C3F846 /* InterstitialPageView.swift */; };
		1F35080928A43FE400C3F846 /* InterstitalPageTabView.swift in Sources */ = {isa = PBXBuildFile; fileRef = 1F35080828A43FE400C3F846 /* InterstitalPageTabView.swift */; };
		1F4B332E2877626800BD8974 /* DASIPhase.swift in Sources */ = {isa = PBXBuildFile; fileRef = 1F57E8142874D57400FFB840 /* DASIPhase.swift */; };
		1F57E8132874CCE500FFB840 /* DASIInterstitialView.swift in Sources */ = {isa = PBXBuildFile; fileRef = 1F57E8112874B69300FFB840 /* DASIInterstitialView.swift */; };
		1F707E7128761ACB0099E398 /* DASIResponseStatus.swift in Sources */ = {isa = PBXBuildFile; fileRef = 1F707E7028761ACB0099E398 /* DASIResponseStatus.swift */; };
		1F8DFF51289DC0AA0063C28C /* MinSecAndFraction.swift in Sources */ = {isa = PBXBuildFile; fileRef = 1F8DFF50289DC0AA0063C28C /* MinSecAndFraction.swift */; };
		1F8DFF53289DC1070063C28C /* TimeReader.swift in Sources */ = {isa = PBXBuildFile; fileRef = 1F8DFF52289DC1070063C28C /* TimeReader.swift */; };
		1F8DFF5528A1A8740063C28C /* EndpointSound.swift in Sources */ = {isa = PBXBuildFile; fileRef = 1F8DFF5428A1A8740063C28C /* EndpointSound.swift */; };
		1F8DFF5728A1A8FC0063C28C /* Klaxon.mp3 in Resources */ = {isa = PBXBuildFile; fileRef = 1F8DFF5628A1A8FC0063C28C /* Klaxon.mp3 */; };
		1F8DFF5928A2CA060063C28C /* InterstitialInfo.swift in Sources */ = {isa = PBXBuildFile; fileRef = 1F8DFF5828A2CA060063C28C /* InterstitialInfo.swift */; };
		1F8DFF5D28A2EC650063C28C /* second-walk-intro.json in Resources */ = {isa = PBXBuildFile; fileRef = 1F8DFF5B28A2EC650063C28C /* second-walk-intro.json */; };
		1F8DFF5E28A2EC650063C28C /* walk-intro.json in Resources */ = {isa = PBXBuildFile; fileRef = 1F8DFF5C28A2EC650063C28C /* walk-intro.json */; };
		1F8DFF6028A2F17E0063C28C /* WalkInfoForm.swift in Sources */ = {isa = PBXBuildFile; fileRef = 1F8DFF5F28A2F17E0063C28C /* WalkInfoForm.swift */; };
		1F8DFF6228A2FA960063C28C /* usability-intro.json in Resources */ = {isa = PBXBuildFile; fileRef = 1F8DFF6128A2FA960063C28C /* usability-intro.json */; };
		1F9C6AE7287F4A730097868B /* 2DSeries.swift in Sources */ = {isa = PBXBuildFile; fileRef = 1F9C6AE6287F4A730097868B /* 2DSeries.swift */; };
		1F9C6AE9288093DD0097868B /* Datum2D.swift in Sources */ = {isa = PBXBuildFile; fileRef = 1F9C6AE8288093DC0097868B /* Datum2D.swift */; };
		1F9C6AEB28809A220097868B /* AccelerometryPlotView.swift in Sources */ = {isa = PBXBuildFile; fileRef = 1F9C6AEA28809A220097868B /* AccelerometryPlotView.swift */; };
		1F9F2A80287876A100490885 /* DASIPagesTests.swift in Sources */ = {isa = PBXBuildFile; fileRef = 1F9F2A7F287876A100490885 /* DASIPagesTests.swift */; };
		1F9F2A8228787AA300490885 /* DASIPhaseTests.swift in Sources */ = {isa = PBXBuildFile; fileRef = 1F9F2A8128787AA300490885 /* DASIPhaseTests.swift */; };
		1F9F2A842878B17300490885 /* DASIYNQuestionView.swift in Sources */ = {isa = PBXBuildFile; fileRef = 1F9F2A832878B17300490885 /* DASIYNQuestionView.swift */; };
		1F9F2A85287CAADB00490885 /* AcccelerometryView.swift in Sources */ = {isa = PBXBuildFile; fileRef = 1FCB95B7286CD37700DE9DD0 /* AcccelerometryView.swift */; };
		1F9F2A87287CB06600490885 /* DASIDisplayView.swift in Sources */ = {isa = PBXBuildFile; fileRef = 1F9F2A86287CB06600490885 /* DASIDisplayView.swift */; };
		1FA1C08A28947AF0009D8F06 /* AtEnvironment.swift in Sources */ = {isa = PBXBuildFile; fileRef = 1FA1C08928947AF0009D8F06 /* AtEnvironment.swift */; };
		1FB109FF287CCDF0007D7CDF /* USurveyQuestions.json in Resources */ = {isa = PBXBuildFile; fileRef = 1FB109FE287CCDF0007D7CDF /* USurveyQuestions.json */; };
		1FB10A01287CD0A3007D7CDF /* UsabilityView.swift in Sources */ = {isa = PBXBuildFile; fileRef = 1FB10A00287CD0A3007D7CDF /* UsabilityView.swift */; };
		1FB10A03287CD125007D7CDF /* UsabilityQuestions.swift in Sources */ = {isa = PBXBuildFile; fileRef = 1FB10A02287CD125007D7CDF /* UsabilityQuestions.swift */; };
		1FB10A05287CD340007D7CDF /* UsabilityController.swift in Sources */ = {isa = PBXBuildFile; fileRef = 1FB10A04287CD340007D7CDF /* UsabilityController.swift */; };
		1FB10A08287DEC00007D7CDF /* UsabilityContainer.swift in Sources */ = {isa = PBXBuildFile; fileRef = 1FB10A07287DEC00007D7CDF /* UsabilityContainer.swift */; };
		1FB10A0A287E2BB4007D7CDF /* UsabilityInterstitialView.swift in Sources */ = {isa = PBXBuildFile; fileRef = 1FB10A09287E2BB4007D7CDF /* UsabilityInterstitialView.swift */; };
		1FB324C12888B16600A2F351 /* DigitalTimerView.swift in Sources */ = {isa = PBXBuildFile; fileRef = 1FB324C02888B16600A2F351 /* DigitalTimerView.swift */; };
		1FCB95B6286CD37700DE9DD0 /* G_BarsApp.swift in Sources */ = {isa = PBXBuildFile; fileRef = 1FCB95B5286CD37700DE9DD0 /* G_BarsApp.swift */; };
		1FCB95BA286CD37700DE9DD0 /* Assets.xcassets in Resources */ = {isa = PBXBuildFile; fileRef = 1FCB95B9286CD37700DE9DD0 /* Assets.xcassets */; };
		1FCB95BD286CD37700DE9DD0 /* Preview Assets.xcassets in Resources */ = {isa = PBXBuildFile; fileRef = 1FCB95BC286CD37700DE9DD0 /* Preview Assets.xcassets */; };
		1FCB95C7286CD37800DE9DD0 /* G_BarsTests.swift in Sources */ = {isa = PBXBuildFile; fileRef = 1FCB95C6286CD37800DE9DD0 /* G_BarsTests.swift */; };
		1FCB95D3286CD37800DE9DD0 /* G_BarsUITestsLaunchTests.swift in Sources */ = {isa = PBXBuildFile; fileRef = 1FCB95D2286CD37800DE9DD0 /* G_BarsUITestsLaunchTests.swift */; };
		1FCB95E0286CD4AD00DE9DD0 /* SimpleBarView.swift in Sources */ = {isa = PBXBuildFile; fileRef = 1FCB95DF286CD4AD00DE9DD0 /* SimpleBarView.swift */; };
		1FCB95E4286CD5DF00DE9DD0 /* AccelerationWriter.swift in Sources */ = {isa = PBXBuildFile; fileRef = 1FCB95E2286CD5DF00DE9DD0 /* AccelerationWriter.swift */; };
		1FCB95E5286CD5DF00DE9DD0 /* CoreMotion.swift in Sources */ = {isa = PBXBuildFile; fileRef = 1FCB95E3286CD5DF00DE9DD0 /* CoreMotion.swift */; };
		1FCB95E8286CD7A000DE9DD0 /* Collections in Frameworks */ = {isa = PBXBuildFile; productRef = 1FCB95E7286CD7A000DE9DD0 /* Collections */; };
		1FCB95EA286CD7A000DE9DD0 /* DequeModule in Frameworks */ = {isa = PBXBuildFile; productRef = 1FCB95E9286CD7A000DE9DD0 /* DequeModule */; };
		1FCB95EC286CD7A000DE9DD0 /* OrderedCollections in Frameworks */ = {isa = PBXBuildFile; productRef = 1FCB95EB286CD7A000DE9DD0 /* OrderedCollections */; };
		1FCB95F1286CD80B00DE9DD0 /* FileManager+extensions.swift in Sources */ = {isa = PBXBuildFile; fileRef = 1FCB95EE286CD80B00DE9DD0 /* FileManager+extensions.swift */; };
		1FCB95F2286CD80B00DE9DD0 /* CoreGraphics+Extensions.swift in Sources */ = {isa = PBXBuildFile; fileRef = 1FCB95EF286CD80B00DE9DD0 /* CoreGraphics+Extensions.swift */; };
		1FCB95F3286CD80B00DE9DD0 /* Formatting+Extensions.swift in Sources */ = {isa = PBXBuildFile; fileRef = 1FCB95F0286CD80B00DE9DD0 /* Formatting+Extensions.swift */; };
		1FCB95F5286CD87800DE9DD0 /* AccelerometerItem.swift in Sources */ = {isa = PBXBuildFile; fileRef = 1FCB95F4286CD87800DE9DD0 /* AccelerometerItem.swift */; };
		1FCB95F9286CD8D300DE9DD0 /* XYZ.swift in Sources */ = {isa = PBXBuildFile; fileRef = 1FCB95F8286CD8D300DE9DD0 /* XYZ.swift */; };
		1FCB95FC286CF0F500DE9DD0 /* LaunchScreen.storyboard in Resources */ = {isa = PBXBuildFile; fileRef = 1FCB95FB286CF0F500DE9DD0 /* LaunchScreen.storyboard */; };
		1FD53750288B254B00CCCC5C /* UsabilitySummaryView.swift in Sources */ = {isa = PBXBuildFile; fileRef = 1FD5374F288B254B00CCCC5C /* UsabilitySummaryView.swift */; };
		1FD7EE8B2881DE2B00D194B4 /* SweepSecondView.swift in Sources */ = {isa = PBXBuildFile; fileRef = 1FD7EE8A2881DE2B00D194B4 /* SweepSecondView.swift */; };
		1FD7EE8D2881DE8500D194B4 /* SubsecondHandView.swift in Sources */ = {isa = PBXBuildFile; fileRef = 1FD7EE8C2881DE8500D194B4 /* SubsecondHandView.swift */; };
		1FEEA766288F008C00B60409 /* CallbackUtterance.swift in Sources */ = {isa = PBXBuildFile; fileRef = 1FEEA765288F008C00B60409 /* CallbackUtterance.swift */; };
/* End PBXBuildFile section */

/* Begin PBXContainerItemProxy section */
		1FCB95C3286CD37800DE9DD0 /* PBXContainerItemProxy */ = {
			isa = PBXContainerItemProxy;
			containerPortal = 1FCB95AA286CD37700DE9DD0 /* Project object */;
			proxyType = 1;
			remoteGlobalIDString = 1FCB95B1286CD37700DE9DD0;
			remoteInfo = "G Bars";
		};
		1FCB95CD286CD37800DE9DD0 /* PBXContainerItemProxy */ = {
			isa = PBXContainerItemProxy;
			containerPortal = 1FCB95AA286CD37700DE9DD0 /* Project object */;
			proxyType = 1;
			remoteGlobalIDString = 1FCB95B1286CD37700DE9DD0;
			remoteInfo = "G Bars";
		};
/* End PBXContainerItemProxy section */

/* Begin PBXFileReference section */
		1F185B8F28A451F100D8681E /* WalkingContainerView.swift */ = {isa = PBXFileReference; lastKnownFileType = sourcecode.swift; path = WalkingContainerView.swift; sourceTree = "<group>"; };
		1F185B9128A5AED200D8681E /* PhaseSequencing.swift */ = {isa = PBXFileReference; lastKnownFileType = sourcecode.swift; path = PhaseSequencing.swift; sourceTree = "<group>"; };
		1F26AFA7286E049800586654 /* HorizontalBar.swift */ = {isa = PBXFileReference; lastKnownFileType = sourcecode.swift; path = HorizontalBar.swift; sourceTree = "<group>"; };
		1F26AFA9286E056400586654 /* LogViewSizing.swift */ = {isa = PBXFileReference; lastKnownFileType = sourcecode.swift; path = LogViewSizing.swift; sourceTree = "<group>"; };
		1F26AFAC286E203300586654 /* DASIQuestions.json */ = {isa = PBXFileReference; fileEncoding = 4; lastKnownFileType = text.json; path = DASIQuestions.json; sourceTree = "<group>"; };
		1F26AFB2286E20BF00586654 /* DASIQuestionView.swift */ = {isa = PBXFileReference; fileEncoding = 4; lastKnownFileType = sourcecode.swift; path = DASIQuestionView.swift; sourceTree = "<group>"; };
		1F26AFB4286E214A00586654 /* DASIQuestions.swift */ = {isa = PBXFileReference; fileEncoding = 4; lastKnownFileType = sourcecode.swift; path = DASIQuestions.swift; sourceTree = "<group>"; };
		1F26AFB6286E217300586654 /* SurveyContainerView.swift */ = {isa = PBXFileReference; fileEncoding = 4; lastKnownFileType = sourcecode.swift; path = SurveyContainerView.swift; sourceTree = "<group>"; };
		1F26AFBC286E226600586654 /* SubjectID.swift */ = {isa = PBXFileReference; lastKnownFileType = sourcecode.swift; path = SubjectID.swift; sourceTree = "<group>"; };
		1F26AFBE286E22CF00586654 /* DASIPages.swift */ = {isa = PBXFileReference; fileEncoding = 4; lastKnownFileType = sourcecode.swift; path = DASIPages.swift; sourceTree = "<group>"; };
		1F26AFC5286E27FB00586654 /* YesNoButton.swift */ = {isa = PBXFileReference; fileEncoding = 4; lastKnownFileType = sourcecode.swift; path = YesNoButton.swift; sourceTree = "<group>"; };
		1F26AFC6286E27FB00586654 /* YesNoStack.swift */ = {isa = PBXFileReference; fileEncoding = 4; lastKnownFileType = sourcecode.swift; path = YesNoStack.swift; sourceTree = "<group>"; };
		1F35080628A4318400C3F846 /* InterstitialPageView.swift */ = {isa = PBXFileReference; lastKnownFileType = sourcecode.swift; path = InterstitialPageView.swift; sourceTree = "<group>"; };
		1F35080828A43FE400C3F846 /* InterstitalPageTabView.swift */ = {isa = PBXFileReference; lastKnownFileType = sourcecode.swift; path = InterstitalPageTabView.swift; sourceTree = "<group>"; };
		1F35080A28A4405C00C3F846 /* walk-intro.json */ = {isa = PBXFileReference; lastKnownFileType = text.json; path = "walk-intro.json"; sourceTree = "<group>"; };
		1F57E8112874B69300FFB840 /* DASIInterstitialView.swift */ = {isa = PBXFileReference; lastKnownFileType = sourcecode.swift; path = DASIInterstitialView.swift; sourceTree = "<group>"; };
		1F57E8142874D57400FFB840 /* DASIPhase.swift */ = {isa = PBXFileReference; lastKnownFileType = sourcecode.swift; path = DASIPhase.swift; sourceTree = "<group>"; };
		1F707E7028761ACB0099E398 /* DASIResponseStatus.swift */ = {isa = PBXFileReference; fileEncoding = 4; lastKnownFileType = sourcecode.swift; path = DASIResponseStatus.swift; sourceTree = "<group>"; };
		1F8DFF50289DC0AA0063C28C /* MinSecAndFraction.swift */ = {isa = PBXFileReference; lastKnownFileType = sourcecode.swift; path = MinSecAndFraction.swift; sourceTree = "<group>"; };
		1F8DFF52289DC1070063C28C /* TimeReader.swift */ = {isa = PBXFileReference; lastKnownFileType = sourcecode.swift; path = TimeReader.swift; sourceTree = "<group>"; };
		1F8DFF5428A1A8740063C28C /* EndpointSound.swift */ = {isa = PBXFileReference; lastKnownFileType = sourcecode.swift; path = EndpointSound.swift; sourceTree = "<group>"; };
		1F8DFF5628A1A8FC0063C28C /* Klaxon.mp3 */ = {isa = PBXFileReference; lastKnownFileType = audio.mp3; path = Klaxon.mp3; sourceTree = "<group>"; };
		1F8DFF5828A2CA060063C28C /* InterstitialInfo.swift */ = {isa = PBXFileReference; lastKnownFileType = sourcecode.swift; path = InterstitialInfo.swift; sourceTree = "<group>"; };
		1F8DFF5B28A2EC650063C28C /* second-walk-intro.json */ = {isa = PBXFileReference; fileEncoding = 4; lastKnownFileType = text.json; path = "second-walk-intro.json"; sourceTree = "<group>"; };
		1F8DFF5C28A2EC650063C28C /* walk-intro.json */ = {isa = PBXFileReference; fileEncoding = 4; lastKnownFileType = text.json; path = "walk-intro.json"; sourceTree = "<group>"; };
		1F8DFF5F28A2F17E0063C28C /* WalkInfoForm.swift */ = {isa = PBXFileReference; lastKnownFileType = sourcecode.swift; path = WalkInfoForm.swift; sourceTree = "<group>"; };
		1F8DFF6128A2FA960063C28C /* usability-intro.json */ = {isa = PBXFileReference; fileEncoding = 4; lastKnownFileType = text.json; path = "usability-intro.json"; sourceTree = "<group>"; };
		1F9C6AE6287F4A730097868B /* 2DSeries.swift */ = {isa = PBXFileReference; lastKnownFileType = sourcecode.swift; path = 2DSeries.swift; sourceTree = "<group>"; };
		1F9C6AE8288093DC0097868B /* Datum2D.swift */ = {isa = PBXFileReference; lastKnownFileType = sourcecode.swift; path = Datum2D.swift; sourceTree = "<group>"; };
		1F9C6AEA28809A220097868B /* AccelerometryPlotView.swift */ = {isa = PBXFileReference; lastKnownFileType = sourcecode.swift; path = AccelerometryPlotView.swift; sourceTree = "<group>"; };
		1F9F2A7F287876A100490885 /* DASIPagesTests.swift */ = {isa = PBXFileReference; lastKnownFileType = sourcecode.swift; path = DASIPagesTests.swift; sourceTree = "<group>"; };
		1F9F2A8128787AA300490885 /* DASIPhaseTests.swift */ = {isa = PBXFileReference; lastKnownFileType = sourcecode.swift; path = DASIPhaseTests.swift; sourceTree = "<group>"; };
		1F9F2A832878B17300490885 /* DASIYNQuestionView.swift */ = {isa = PBXFileReference; lastKnownFileType = sourcecode.swift; path = DASIYNQuestionView.swift; sourceTree = "<group>"; };
		1F9F2A86287CB06600490885 /* DASIDisplayView.swift */ = {isa = PBXFileReference; lastKnownFileType = sourcecode.swift; path = DASIDisplayView.swift; sourceTree = "<group>"; };
		1FA1C08928947AF0009D8F06 /* AtEnvironment.swift */ = {isa = PBXFileReference; lastKnownFileType = sourcecode.swift; path = AtEnvironment.swift; sourceTree = "<group>"; };
		1FB109FE287CCDF0007D7CDF /* USurveyQuestions.json */ = {isa = PBXFileReference; fileEncoding = 4; lastKnownFileType = text.json; path = USurveyQuestions.json; sourceTree = "<group>"; };
		1FB10A00287CD0A3007D7CDF /* UsabilityView.swift */ = {isa = PBXFileReference; lastKnownFileType = sourcecode.swift; path = UsabilityView.swift; sourceTree = "<group>"; };
		1FB10A02287CD125007D7CDF /* UsabilityQuestions.swift */ = {isa = PBXFileReference; lastKnownFileType = sourcecode.swift; path = UsabilityQuestions.swift; sourceTree = "<group>"; };
		1FB10A04287CD340007D7CDF /* UsabilityController.swift */ = {isa = PBXFileReference; lastKnownFileType = sourcecode.swift; path = UsabilityController.swift; sourceTree = "<group>"; };
		1FB10A06287DC97A007D7CDF /* USurveyQuestions.json */ = {isa = PBXFileReference; lastKnownFileType = text.json; path = USurveyQuestions.json; sourceTree = "<group>"; };
		1FB10A07287DEC00007D7CDF /* UsabilityContainer.swift */ = {isa = PBXFileReference; lastKnownFileType = sourcecode.swift; path = UsabilityContainer.swift; sourceTree = "<group>"; };
		1FB10A09287E2BB4007D7CDF /* UsabilityInterstitialView.swift */ = {isa = PBXFileReference; lastKnownFileType = sourcecode.swift; path = UsabilityInterstitialView.swift; sourceTree = "<group>"; };
		1FB324C02888B16600A2F351 /* DigitalTimerView.swift */ = {isa = PBXFileReference; fileEncoding = 4; lastKnownFileType = sourcecode.swift; path = DigitalTimerView.swift; sourceTree = "<group>"; };
		1FCB95B2286CD37700DE9DD0 /* G Bars.app */ = {isa = PBXFileReference; explicitFileType = wrapper.application; includeInIndex = 0; path = "G Bars.app"; sourceTree = BUILT_PRODUCTS_DIR; };
		1FCB95B5286CD37700DE9DD0 /* G_BarsApp.swift */ = {isa = PBXFileReference; lastKnownFileType = sourcecode.swift; path = G_BarsApp.swift; sourceTree = "<group>"; };
		1FCB95B7286CD37700DE9DD0 /* AcccelerometryView.swift */ = {isa = PBXFileReference; lastKnownFileType = sourcecode.swift; path = AcccelerometryView.swift; sourceTree = "<group>"; };
		1FCB95B9286CD37700DE9DD0 /* Assets.xcassets */ = {isa = PBXFileReference; lastKnownFileType = folder.assetcatalog; path = Assets.xcassets; sourceTree = "<group>"; };
		1FCB95BC286CD37700DE9DD0 /* Preview Assets.xcassets */ = {isa = PBXFileReference; lastKnownFileType = folder.assetcatalog; path = "Preview Assets.xcassets"; sourceTree = "<group>"; };
		1FCB95C2286CD37800DE9DD0 /* G BarsTests.xctest */ = {isa = PBXFileReference; explicitFileType = wrapper.cfbundle; includeInIndex = 0; path = "G BarsTests.xctest"; sourceTree = BUILT_PRODUCTS_DIR; };
		1FCB95C6286CD37800DE9DD0 /* G_BarsTests.swift */ = {isa = PBXFileReference; lastKnownFileType = sourcecode.swift; path = G_BarsTests.swift; sourceTree = "<group>"; };
		1FCB95CC286CD37800DE9DD0 /* G BarsUITests.xctest */ = {isa = PBXFileReference; explicitFileType = wrapper.cfbundle; includeInIndex = 0; path = "G BarsUITests.xctest"; sourceTree = BUILT_PRODUCTS_DIR; };
		1FCB95D0286CD37800DE9DD0 /* G_BarsUITests.swift */ = {isa = PBXFileReference; lastKnownFileType = sourcecode.swift; path = G_BarsUITests.swift; sourceTree = "<group>"; };
		1FCB95D2286CD37800DE9DD0 /* G_BarsUITestsLaunchTests.swift */ = {isa = PBXFileReference; lastKnownFileType = sourcecode.swift; path = G_BarsUITestsLaunchTests.swift; sourceTree = "<group>"; };
		1FCB95DF286CD4AD00DE9DD0 /* SimpleBarView.swift */ = {isa = PBXFileReference; fileEncoding = 4; lastKnownFileType = sourcecode.swift; path = SimpleBarView.swift; sourceTree = "<group>"; };
		1FCB95E2286CD5DF00DE9DD0 /* AccelerationWriter.swift */ = {isa = PBXFileReference; fileEncoding = 4; lastKnownFileType = sourcecode.swift; path = AccelerationWriter.swift; sourceTree = "<group>"; };
		1FCB95E3286CD5DF00DE9DD0 /* CoreMotion.swift */ = {isa = PBXFileReference; fileEncoding = 4; lastKnownFileType = sourcecode.swift; path = CoreMotion.swift; sourceTree = "<group>"; };
		1FCB95EE286CD80B00DE9DD0 /* FileManager+extensions.swift */ = {isa = PBXFileReference; fileEncoding = 4; lastKnownFileType = sourcecode.swift; path = "FileManager+extensions.swift"; sourceTree = "<group>"; };
		1FCB95EF286CD80B00DE9DD0 /* CoreGraphics+Extensions.swift */ = {isa = PBXFileReference; fileEncoding = 4; lastKnownFileType = sourcecode.swift; path = "CoreGraphics+Extensions.swift"; sourceTree = "<group>"; };
		1FCB95F0286CD80B00DE9DD0 /* Formatting+Extensions.swift */ = {isa = PBXFileReference; fileEncoding = 4; lastKnownFileType = sourcecode.swift; path = "Formatting+Extensions.swift"; sourceTree = "<group>"; };
		1FCB95F4286CD87800DE9DD0 /* AccelerometerItem.swift */ = {isa = PBXFileReference; fileEncoding = 4; lastKnownFileType = sourcecode.swift; path = AccelerometerItem.swift; sourceTree = "<group>"; };
		1FCB95F6286CD88A00DE9DD0 /* AccelerometerItemTests.swift */ = {isa = PBXFileReference; fileEncoding = 4; lastKnownFileType = sourcecode.swift; path = AccelerometerItemTests.swift; sourceTree = "<group>"; };
		1FCB95F8286CD8D300DE9DD0 /* XYZ.swift */ = {isa = PBXFileReference; fileEncoding = 4; lastKnownFileType = sourcecode.swift; path = XYZ.swift; sourceTree = "<group>"; };
		1FCB95FB286CF0F500DE9DD0 /* LaunchScreen.storyboard */ = {isa = PBXFileReference; lastKnownFileType = file.storyboard; path = LaunchScreen.storyboard; sourceTree = "<group>"; };
		1FD5374F288B254B00CCCC5C /* UsabilitySummaryView.swift */ = {isa = PBXFileReference; lastKnownFileType = sourcecode.swift; path = UsabilitySummaryView.swift; sourceTree = "<group>"; };
		1FD7EE842881CBCB00D194B4 /* CountdownSetupView.swift */ = {isa = PBXFileReference; lastKnownFileType = sourcecode.swift; path = CountdownSetupView.swift; sourceTree = "<group>"; };
		1FD7EE8A2881DE2B00D194B4 /* SweepSecondView.swift */ = {isa = PBXFileReference; fileEncoding = 4; lastKnownFileType = sourcecode.swift; path = SweepSecondView.swift; sourceTree = "<group>"; };
		1FD7EE8C2881DE8500D194B4 /* SubsecondHandView.swift */ = {isa = PBXFileReference; fileEncoding = 4; lastKnownFileType = sourcecode.swift; path = SubsecondHandView.swift; sourceTree = "<group>"; };
		1FEEA765288F008C00B60409 /* CallbackUtterance.swift */ = {isa = PBXFileReference; lastKnownFileType = sourcecode.swift; path = CallbackUtterance.swift; sourceTree = "<group>"; };
/* End PBXFileReference section */

/* Begin PBXFrameworksBuildPhase section */
		1FCB95AF286CD37700DE9DD0 /* Frameworks */ = {
			isa = PBXFrameworksBuildPhase;
			buildActionMask = 2147483647;
			files = (
				1FCB95E8286CD7A000DE9DD0 /* Collections in Frameworks */,
				1FCB95EA286CD7A000DE9DD0 /* DequeModule in Frameworks */,
				1FCB95EC286CD7A000DE9DD0 /* OrderedCollections in Frameworks */,
			);
			runOnlyForDeploymentPostprocessing = 0;
		};
		1FCB95BF286CD37800DE9DD0 /* Frameworks */ = {
			isa = PBXFrameworksBuildPhase;
			buildActionMask = 2147483647;
			files = (
			);
			runOnlyForDeploymentPostprocessing = 0;
		};
		1FCB95C9286CD37800DE9DD0 /* Frameworks */ = {
			isa = PBXFrameworksBuildPhase;
			buildActionMask = 2147483647;
			files = (
			);
			runOnlyForDeploymentPostprocessing = 0;
		};
/* End PBXFrameworksBuildPhase section */

/* Begin PBXGroup section */
		1F185B8E28A44D5800D8681E /* Walking */ = {
			isa = PBXGroup;
			children = (
				1F8DFF5828A2CA060063C28C /* InterstitialInfo.swift */,
				1F185B8F28A451F100D8681E /* WalkingContainerView.swift */,
				1F35080628A4318400C3F846 /* InterstitialPageView.swift */,
				1F35080828A43FE400C3F846 /* InterstitalPageTabView.swift */,
				1F185B9128A5AED200D8681E /* PhaseSequencing.swift */,
			);
			path = Walking;
			sourceTree = "<group>";
		};
		1F185B9328A6B88F00D8681E /* Marshaling */ = {
			isa = PBXGroup;
			children = (
				1FCB95F4286CD87800DE9DD0 /* AccelerometerItem.swift */,
				1FCB95F8286CD8D300DE9DD0 /* XYZ.swift */,
			);
			path = Marshaling;
			sourceTree = "<group>";
		};
		1F26AFAB286E201B00586654 /* DASI */ = {
			isa = PBXGroup;
			children = (
				1F26AFC4286E27FB00586654 /* YesNoView */,
				1F26AFAC286E203300586654 /* DASIQuestions.json */,
				1F26AFB4286E214A00586654 /* DASIQuestions.swift */,
				1F57E8142874D57400FFB840 /* DASIPhase.swift */,
				1F26AFBC286E226600586654 /* SubjectID.swift */,
				1F57E808286F74D100FFB840 /* Views */,
				1F26AFBE286E22CF00586654 /* DASIPages.swift */,
				1F707E6F28761ACB0099E398 /* ValueController */,
			);
			path = DASI;
			sourceTree = "<group>";
		};
		1F26AFC4286E27FB00586654 /* YesNoView */ = {
			isa = PBXGroup;
			children = (
				1F26AFC5286E27FB00586654 /* YesNoButton.swift */,
				1F26AFC6286E27FB00586654 /* YesNoStack.swift */,
			);
			path = YesNoView;
			sourceTree = "<group>";
		};
		1F57E808286F74D100FFB840 /* Views */ = {
			isa = PBXGroup;
			children = (
				1F57E8112874B69300FFB840 /* DASIInterstitialView.swift */,
				1F26AFB2286E20BF00586654 /* DASIQuestionView.swift */,
				1F26AFB6286E217300586654 /* SurveyContainerView.swift */,
				1F9F2A832878B17300490885 /* DASIYNQuestionView.swift */,
				1F9F2A86287CB06600490885 /* DASIDisplayView.swift */,
			);
			path = Views;
			sourceTree = "<group>";
		};
		1F707E6F28761ACB0099E398 /* ValueController */ = {
			isa = PBXGroup;
			children = (
				1F707E7028761ACB0099E398 /* DASIResponseStatus.swift */,
			);
			path = ValueController;
			sourceTree = "<group>";
		};
		1F8DFF5A28A2EC650063C28C /* Resources */ = {
			isa = PBXGroup;
			children = (
				1F8DFF5B28A2EC650063C28C /* second-walk-intro.json */,
				1F8DFF5C28A2EC650063C28C /* walk-intro.json */,
				1F8DFF6128A2FA960063C28C /* usability-intro.json */,
			);
			path = Resources;
			sourceTree = "<group>";
		};
		1F9C6AE5287F4A320097868B /* Graphing */ = {
			isa = PBXGroup;
			children = (
				1F9C6AE6287F4A730097868B /* 2DSeries.swift */,
				1F9C6AE8288093DC0097868B /* Datum2D.swift */,
				1F9C6AEA28809A220097868B /* AccelerometryPlotView.swift */,
			);
			path = Graphing;
			sourceTree = "<group>";
		};
		1FB109FD287CCDB4007D7CDF /* PSSUQ */ = {
			isa = PBXGroup;
			children = (
				1FB109FE287CCDF0007D7CDF /* USurveyQuestions.json */,
				1FB10A00287CD0A3007D7CDF /* UsabilityView.swift */,
				1F8DFF5F28A2F17E0063C28C /* WalkInfoForm.swift */,
				1FD5374F288B254B00CCCC5C /* UsabilitySummaryView.swift */,
				1FB10A09287E2BB4007D7CDF /* UsabilityInterstitialView.swift */,
				1FB10A04287CD340007D7CDF /* UsabilityController.swift */,
				1FB10A07287DEC00007D7CDF /* UsabilityContainer.swift */,
				1FB10A02287CD125007D7CDF /* UsabilityQuestions.swift */,
			);
			path = PSSUQ;
			sourceTree = "<group>";
		};
		1FB324BD2888943100A2F351 /* Sweep */ = {
			isa = PBXGroup;
			children = (
				1FD7EE8C2881DE8500D194B4 /* SubsecondHandView.swift */,
				1FD7EE8A2881DE2B00D194B4 /* SweepSecondView.swift */,
			);
			path = Sweep;
			sourceTree = "<group>";
		};
		1FB324BE2888946900A2F351 /* Support */ = {
			isa = PBXGroup;
			children = (
				1F8DFF5628A1A8FC0063C28C /* Klaxon.mp3 */,
				1F8DFF52289DC1070063C28C /* TimeReader.swift */,
				1F8DFF50289DC0AA0063C28C /* MinSecAndFraction.swift */,
			);
			path = Support;
			sourceTree = "<group>";
		};
		1FB324BF2888949700A2F351 /* Digital */ = {
			isa = PBXGroup;
			children = (
				1FB324C02888B16600A2F351 /* DigitalTimerView.swift */,
				1F8DFF5428A1A8740063C28C /* EndpointSound.swift */,
			);
			path = Digital;
			sourceTree = "<group>";
		};
		1FB324C32888BD8D00A2F351 /* Voice */ = {
			isa = PBXGroup;
			children = (
				1FEEA765288F008C00B60409 /* CallbackUtterance.swift */,
			);
			path = Voice;
			sourceTree = "<group>";
		};
		1FCB95A9286CD37700DE9DD0 = {
			isa = PBXGroup;
			children = (
				1FCB95B4286CD37700DE9DD0 /* G Bars */,
				1FCB95C5286CD37800DE9DD0 /* G BarsTests */,
				1FCB95CF286CD37800DE9DD0 /* G BarsUITests */,
				1FCB95B3286CD37700DE9DD0 /* Products */,
			);
			sourceTree = "<group>";
		};
		1FCB95B3286CD37700DE9DD0 /* Products */ = {
			isa = PBXGroup;
			children = (
				1FCB95B2286CD37700DE9DD0 /* G Bars.app */,
				1FCB95C2286CD37800DE9DD0 /* G BarsTests.xctest */,
				1FCB95CC286CD37800DE9DD0 /* G BarsUITests.xctest */,
			);
			name = Products;
			sourceTree = "<group>";
		};
		1FCB95B4286CD37700DE9DD0 /* G Bars */ = {
			isa = PBXGroup;
			children = (
				1FB324C32888BD8D00A2F351 /* Voice */,
				1FD7EE7F2881CAA400D194B4 /* Clocks */,
				1FB109FD287CCDB4007D7CDF /* PSSUQ */,
				1F26AFAB286E201B00586654 /* DASI */,
				1FCB95ED286CD7F500DE9DD0 /* Extensions */,
				1F185B8E28A44D5800D8681E /* Walking */,
				1FCB95E1286CD5DF00DE9DD0 /* Accelerometry */,
				1FCB95B5286CD37700DE9DD0 /* G_BarsApp.swift */,
				1F8DFF5A28A2EC650063C28C /* Resources */,
				1FA1C08928947AF0009D8F06 /* AtEnvironment.swift */,
				1FCB95B9286CD37700DE9DD0 /* Assets.xcassets */,
				1FCB95FB286CF0F500DE9DD0 /* LaunchScreen.storyboard */,
				1FCB95BB286CD37700DE9DD0 /* Preview Content */,
			);
			path = "G Bars";
			sourceTree = "<group>";
		};
		1FCB95BB286CD37700DE9DD0 /* Preview Content */ = {
			isa = PBXGroup;
			children = (
				1F35080A28A4405C00C3F846 /* walk-intro.json */,
				1FCB95BC286CD37700DE9DD0 /* Preview Assets.xcassets */,
				1FB10A06287DC97A007D7CDF /* USurveyQuestions.json */,
			);
			path = "Preview Content";
			sourceTree = "<group>";
		};
		1FCB95C5286CD37800DE9DD0 /* G BarsTests */ = {
			isa = PBXGroup;
			children = (
				1FCB95C6286CD37800DE9DD0 /* G_BarsTests.swift */,
				1F9F2A7F287876A100490885 /* DASIPagesTests.swift */,
				1F9F2A8128787AA300490885 /* DASIPhaseTests.swift */,
			);
			path = "G BarsTests";
			sourceTree = "<group>";
		};
		1FCB95CF286CD37800DE9DD0 /* G BarsUITests */ = {
			isa = PBXGroup;
			children = (
				1FCB95F6286CD88A00DE9DD0 /* AccelerometerItemTests.swift */,
				1FCB95D0286CD37800DE9DD0 /* G_BarsUITests.swift */,
				1FCB95D2286CD37800DE9DD0 /* G_BarsUITestsLaunchTests.swift */,
			);
			path = "G BarsUITests";
			sourceTree = "<group>";
		};
		1FCB95E1286CD5DF00DE9DD0 /* Accelerometry */ = {
			isa = PBXGroup;
			children = (
				1F9C6AE5287F4A320097868B /* Graphing */,
				1FCB95B7286CD37700DE9DD0 /* AcccelerometryView.swift */,
				1FCB95E2286CD5DF00DE9DD0 /* AccelerationWriter.swift */,
				1FCB95E3286CD5DF00DE9DD0 /* CoreMotion.swift */,
				1FCB95DF286CD4AD00DE9DD0 /* SimpleBarView.swift */,
				1F26AFA7286E049800586654 /* HorizontalBar.swift */,
				1F185B9328A6B88F00D8681E /* Marshaling */,
			);
			path = Accelerometry;
			sourceTree = "<group>";
		};
		1FCB95ED286CD7F500DE9DD0 /* Extensions */ = {
			isa = PBXGroup;
			children = (
				1F26AFA9286E056400586654 /* LogViewSizing.swift */,
				1FCB95EF286CD80B00DE9DD0 /* CoreGraphics+Extensions.swift */,
				1FCB95EE286CD80B00DE9DD0 /* FileManager+extensions.swift */,
				1FCB95F0286CD80B00DE9DD0 /* Formatting+Extensions.swift */,
			);
			path = Extensions;
			sourceTree = "<group>";
		};
		1FD7EE7F2881CAA400D194B4 /* Clocks */ = {
			isa = PBXGroup;
			children = (
				1FD7EE842881CBCB00D194B4 /* CountdownSetupView.swift */,
				1FB324BF2888949700A2F351 /* Digital */,
				1FB324BE2888946900A2F351 /* Support */,
				1FB324BD2888943100A2F351 /* Sweep */,
			);
			path = Clocks;
			sourceTree = "<group>";
		};
/* End PBXGroup section */

/* Begin PBXNativeTarget section */
		1FCB95B1286CD37700DE9DD0 /* G Bars */ = {
			isa = PBXNativeTarget;
			buildConfigurationList = 1FCB95D6286CD37800DE9DD0 /* Build configuration list for PBXNativeTarget "G Bars" */;
			buildPhases = (
				1FCB95AE286CD37700DE9DD0 /* Sources */,
				1FCB95AF286CD37700DE9DD0 /* Frameworks */,
				1FCB95B0286CD37700DE9DD0 /* Resources */,
			);
			buildRules = (
			);
			dependencies = (
			);
			name = "G Bars";
			packageProductDependencies = (
				1FCB95E7286CD7A000DE9DD0 /* Collections */,
				1FCB95E9286CD7A000DE9DD0 /* DequeModule */,
				1FCB95EB286CD7A000DE9DD0 /* OrderedCollections */,
			);
			productName = "G Bars";
			productReference = 1FCB95B2286CD37700DE9DD0 /* G Bars.app */;
			productType = "com.apple.product-type.application";
		};
		1FCB95C1286CD37800DE9DD0 /* G BarsTests */ = {
			isa = PBXNativeTarget;
			buildConfigurationList = 1FCB95D9286CD37800DE9DD0 /* Build configuration list for PBXNativeTarget "G BarsTests" */;
			buildPhases = (
				1FCB95BE286CD37800DE9DD0 /* Sources */,
				1FCB95BF286CD37800DE9DD0 /* Frameworks */,
				1FCB95C0286CD37800DE9DD0 /* Resources */,
			);
			buildRules = (
			);
			dependencies = (
				1FCB95C4286CD37800DE9DD0 /* PBXTargetDependency */,
			);
			name = "G BarsTests";
			productName = "G BarsTests";
			productReference = 1FCB95C2286CD37800DE9DD0 /* G BarsTests.xctest */;
			productType = "com.apple.product-type.bundle.unit-test";
		};
		1FCB95CB286CD37800DE9DD0 /* G BarsUITests */ = {
			isa = PBXNativeTarget;
			buildConfigurationList = 1FCB95DC286CD37800DE9DD0 /* Build configuration list for PBXNativeTarget "G BarsUITests" */;
			buildPhases = (
				1FCB95C8286CD37800DE9DD0 /* Sources */,
				1FCB95C9286CD37800DE9DD0 /* Frameworks */,
				1FCB95CA286CD37800DE9DD0 /* Resources */,
			);
			buildRules = (
			);
			dependencies = (
				1FCB95CE286CD37800DE9DD0 /* PBXTargetDependency */,
			);
			name = "G BarsUITests";
			productName = "G BarsUITests";
			productReference = 1FCB95CC286CD37800DE9DD0 /* G BarsUITests.xctest */;
			productType = "com.apple.product-type.bundle.ui-testing";
		};
/* End PBXNativeTarget section */

/* Begin PBXProject section */
		1FCB95AA286CD37700DE9DD0 /* Project object */ = {
			isa = PBXProject;
			attributes = {
				BuildIndependentTargetsInParallel = 1;
				LastSwiftUpdateCheck = 1340;
				LastUpgradeCheck = 1340;
				TargetAttributes = {
					1FCB95B1286CD37700DE9DD0 = {
						CreatedOnToolsVersion = 13.4.1;
					};
					1FCB95C1286CD37800DE9DD0 = {
						CreatedOnToolsVersion = 13.4.1;
						TestTargetID = 1FCB95B1286CD37700DE9DD0;
					};
					1FCB95CB286CD37800DE9DD0 = {
						CreatedOnToolsVersion = 13.4.1;
						TestTargetID = 1FCB95B1286CD37700DE9DD0;
					};
				};
			};
			buildConfigurationList = 1FCB95AD286CD37700DE9DD0 /* Build configuration list for PBXProject "G Bars" */;
			compatibilityVersion = "Xcode 13.0";
			developmentRegion = en;
			hasScannedForEncodings = 0;
			knownRegions = (
				en,
				Base,
			);
			mainGroup = 1FCB95A9286CD37700DE9DD0;
			packageReferences = (
				1FCB95E6286CD7A000DE9DD0 /* XCRemoteSwiftPackageReference "swift-collections" */,
			);
			productRefGroup = 1FCB95B3286CD37700DE9DD0 /* Products */;
			projectDirPath = "";
			projectRoot = "";
			targets = (
				1FCB95B1286CD37700DE9DD0 /* G Bars */,
				1FCB95C1286CD37800DE9DD0 /* G BarsTests */,
				1FCB95CB286CD37800DE9DD0 /* G BarsUITests */,
			);
		};
/* End PBXProject section */

/* Begin PBXResourcesBuildPhase section */
		1FCB95B0286CD37700DE9DD0 /* Resources */ = {
			isa = PBXResourcesBuildPhase;
			buildActionMask = 2147483647;
			files = (
				1FCB95FC286CF0F500DE9DD0 /* LaunchScreen.storyboard in Resources */,
				1F8DFF5728A1A8FC0063C28C /* Klaxon.mp3 in Resources */,
				1FCB95BD286CD37700DE9DD0 /* Preview Assets.xcassets in Resources */,
				1F26AFAD286E203300586654 /* DASIQuestions.json in Resources */,
				1F8DFF5D28A2EC650063C28C /* second-walk-intro.json in Resources */,
				1FCB95BA286CD37700DE9DD0 /* Assets.xcassets in Resources */,
				1FB109FF287CCDF0007D7CDF /* USurveyQuestions.json in Resources */,
				1F8DFF6228A2FA960063C28C /* usability-intro.json in Resources */,
				1F8DFF5E28A2EC650063C28C /* walk-intro.json in Resources */,
			);
			runOnlyForDeploymentPostprocessing = 0;
		};
		1FCB95C0286CD37800DE9DD0 /* Resources */ = {
			isa = PBXResourcesBuildPhase;
			buildActionMask = 2147483647;
			files = (
			);
			runOnlyForDeploymentPostprocessing = 0;
		};
		1FCB95CA286CD37800DE9DD0 /* Resources */ = {
			isa = PBXResourcesBuildPhase;
			buildActionMask = 2147483647;
			files = (
			);
			runOnlyForDeploymentPostprocessing = 0;
		};
/* End PBXResourcesBuildPhase section */

/* Begin PBXSourcesBuildPhase section */
		1FCB95AE286CD37700DE9DD0 /* Sources */ = {
			isa = PBXSourcesBuildPhase;
			buildActionMask = 2147483647;
			files = (
				1F26AFA8286E049800586654 /* HorizontalBar.swift in Sources */,
				1FCB95F2286CD80B00DE9DD0 /* CoreGraphics+Extensions.swift in Sources */,
				1FB10A03287CD125007D7CDF /* UsabilityQuestions.swift in Sources */,
				1F185B9228A5AED200D8681E /* PhaseSequencing.swift in Sources */,
				1FCB95F5286CD87800DE9DD0 /* AccelerometerItem.swift in Sources */,
				1F35080928A43FE400C3F846 /* InterstitalPageTabView.swift in Sources */,
				1FD7EE8B2881DE2B00D194B4 /* SweepSecondView.swift in Sources */,
				1F185B9028A451F100D8681E /* WalkingContainerView.swift in Sources */,
				1FD7EE8D2881DE8500D194B4 /* SubsecondHandView.swift in Sources */,
				1FCB95E0286CD4AD00DE9DD0 /* SimpleBarView.swift in Sources */,
				1F707E7128761ACB0099E398 /* DASIResponseStatus.swift in Sources */,
				1FCB95E5286CD5DF00DE9DD0 /* CoreMotion.swift in Sources */,
				1F57E8132874CCE500FFB840 /* DASIInterstitialView.swift in Sources */,
				1FCB95F9286CD8D300DE9DD0 /* XYZ.swift in Sources */,
				1F8DFF6028A2F17E0063C28C /* WalkInfoForm.swift in Sources */,
				1F26AFB7286E217300586654 /* SurveyContainerView.swift in Sources */,
				1F9C6AE7287F4A730097868B /* 2DSeries.swift in Sources */,
				1F8DFF5928A2CA060063C28C /* InterstitialInfo.swift in Sources */,
				1F26AFAA286E056400586654 /* LogViewSizing.swift in Sources */,
				1F8DFF53289DC1070063C28C /* TimeReader.swift in Sources */,
				1F9F2A87287CB06600490885 /* DASIDisplayView.swift in Sources */,
				1FCB95F3286CD80B00DE9DD0 /* Formatting+Extensions.swift in Sources */,
				1FB324C12888B16600A2F351 /* DigitalTimerView.swift in Sources */,
				1F26AFB5286E214A00586654 /* DASIQuestions.swift in Sources */,
				1F26AFBF286E22CF00586654 /* DASIPages.swift in Sources */,
				1FCB95F1286CD80B00DE9DD0 /* FileManager+extensions.swift in Sources */,
				1FB10A0A287E2BB4007D7CDF /* UsabilityInterstitialView.swift in Sources */,
				1FB10A08287DEC00007D7CDF /* UsabilityContainer.swift in Sources */,
				1FB10A01287CD0A3007D7CDF /* UsabilityView.swift in Sources */,
				1F9C6AE9288093DD0097868B /* Datum2D.swift in Sources */,
				1F35080728A4318400C3F846 /* InterstitialPageView.swift in Sources */,
				1F26AFBD286E226600586654 /* SubjectID.swift in Sources */,
				1F26AFB3286E20BF00586654 /* DASIQuestionView.swift in Sources */,
				1FB10A05287CD340007D7CDF /* UsabilityController.swift in Sources */,
				1FCB95E4286CD5DF00DE9DD0 /* AccelerationWriter.swift in Sources */,
				1F9F2A85287CAADB00490885 /* AcccelerometryView.swift in Sources */,
				1FEEA766288F008C00B60409 /* CallbackUtterance.swift in Sources */,
				1F4B332E2877626800BD8974 /* DASIPhase.swift in Sources */,
				1F26AFC8286E27FB00586654 /* YesNoButton.swift in Sources */,
				1F8DFF5528A1A8740063C28C /* EndpointSound.swift in Sources */,
				1FCB95B6286CD37700DE9DD0 /* G_BarsApp.swift in Sources */,
				1F8DFF51289DC0AA0063C28C /* MinSecAndFraction.swift in Sources */,
				1F9F2A842878B17300490885 /* DASIYNQuestionView.swift in Sources */,
				1FA1C08A28947AF0009D8F06 /* AtEnvironment.swift in Sources */,
				1FD53750288B254B00CCCC5C /* UsabilitySummaryView.swift in Sources */,
				1F26AFC9286E27FB00586654 /* YesNoStack.swift in Sources */,
				1F9C6AEB28809A220097868B /* AccelerometryPlotView.swift in Sources */,
			);
			runOnlyForDeploymentPostprocessing = 0;
		};
		1FCB95BE286CD37800DE9DD0 /* Sources */ = {
			isa = PBXSourcesBuildPhase;
			buildActionMask = 2147483647;
			files = (
				1F9F2A8228787AA300490885 /* DASIPhaseTests.swift in Sources */,
				1FCB95C7286CD37800DE9DD0 /* G_BarsTests.swift in Sources */,
				1F9F2A80287876A100490885 /* DASIPagesTests.swift in Sources */,
			);
			runOnlyForDeploymentPostprocessing = 0;
		};
		1FCB95C8286CD37800DE9DD0 /* Sources */ = {
			isa = PBXSourcesBuildPhase;
			buildActionMask = 2147483647;
			files = (
				1FCB95D3286CD37800DE9DD0 /* G_BarsUITestsLaunchTests.swift in Sources */,
			);
			runOnlyForDeploymentPostprocessing = 0;
		};
/* End PBXSourcesBuildPhase section */

/* Begin PBXTargetDependency section */
		1FCB95C4286CD37800DE9DD0 /* PBXTargetDependency */ = {
			isa = PBXTargetDependency;
			target = 1FCB95B1286CD37700DE9DD0 /* G Bars */;
			targetProxy = 1FCB95C3286CD37800DE9DD0 /* PBXContainerItemProxy */;
		};
		1FCB95CE286CD37800DE9DD0 /* PBXTargetDependency */ = {
			isa = PBXTargetDependency;
			target = 1FCB95B1286CD37700DE9DD0 /* G Bars */;
			targetProxy = 1FCB95CD286CD37800DE9DD0 /* PBXContainerItemProxy */;
		};
/* End PBXTargetDependency section */

/* Begin XCBuildConfiguration section */
		1FCB95D4286CD37800DE9DD0 /* Debug */ = {
			isa = XCBuildConfiguration;
			buildSettings = {
				ALWAYS_SEARCH_USER_PATHS = NO;
				CLANG_ANALYZER_NONNULL = YES;
				CLANG_ANALYZER_NUMBER_OBJECT_CONVERSION = YES_AGGRESSIVE;
				CLANG_CXX_LANGUAGE_STANDARD = "gnu++17";
				CLANG_ENABLE_MODULES = YES;
				CLANG_ENABLE_OBJC_ARC = YES;
				CLANG_ENABLE_OBJC_WEAK = YES;
				CLANG_WARN_BLOCK_CAPTURE_AUTORELEASING = YES;
				CLANG_WARN_BOOL_CONVERSION = YES;
				CLANG_WARN_COMMA = YES;
				CLANG_WARN_CONSTANT_CONVERSION = YES;
				CLANG_WARN_DEPRECATED_OBJC_IMPLEMENTATIONS = YES;
				CLANG_WARN_DIRECT_OBJC_ISA_USAGE = YES_ERROR;
				CLANG_WARN_DOCUMENTATION_COMMENTS = YES;
				CLANG_WARN_EMPTY_BODY = YES;
				CLANG_WARN_ENUM_CONVERSION = YES;
				CLANG_WARN_INFINITE_RECURSION = YES;
				CLANG_WARN_INT_CONVERSION = YES;
				CLANG_WARN_NON_LITERAL_NULL_CONVERSION = YES;
				CLANG_WARN_OBJC_IMPLICIT_RETAIN_SELF = YES;
				CLANG_WARN_OBJC_LITERAL_CONVERSION = YES;
				CLANG_WARN_OBJC_ROOT_CLASS = YES_ERROR;
				CLANG_WARN_QUOTED_INCLUDE_IN_FRAMEWORK_HEADER = YES;
				CLANG_WARN_RANGE_LOOP_ANALYSIS = YES;
				CLANG_WARN_STRICT_PROTOTYPES = YES;
				CLANG_WARN_SUSPICIOUS_MOVE = YES;
				CLANG_WARN_UNGUARDED_AVAILABILITY = YES_AGGRESSIVE;
				CLANG_WARN_UNREACHABLE_CODE = YES;
				CLANG_WARN__DUPLICATE_METHOD_MATCH = YES;
				COPY_PHASE_STRIP = NO;
				DEBUG_INFORMATION_FORMAT = dwarf;
				ENABLE_STRICT_OBJC_MSGSEND = YES;
				ENABLE_TESTABILITY = YES;
				GCC_C_LANGUAGE_STANDARD = gnu11;
				GCC_DYNAMIC_NO_PIC = NO;
				GCC_NO_COMMON_BLOCKS = YES;
				GCC_OPTIMIZATION_LEVEL = 0;
				GCC_PREPROCESSOR_DEFINITIONS = (
					"DEBUG=1",
					"$(inherited)",
				);
				GCC_WARN_64_TO_32_BIT_CONVERSION = YES;
				GCC_WARN_ABOUT_RETURN_TYPE = YES_ERROR;
				GCC_WARN_UNDECLARED_SELECTOR = YES;
				GCC_WARN_UNINITIALIZED_AUTOS = YES_AGGRESSIVE;
				GCC_WARN_UNUSED_FUNCTION = YES;
				GCC_WARN_UNUSED_VARIABLE = YES;
				IPHONEOS_DEPLOYMENT_TARGET = 15.5;
				MTL_ENABLE_DEBUG_INFO = INCLUDE_SOURCE;
				MTL_FAST_MATH = YES;
				ONLY_ACTIVE_ARCH = YES;
				SDKROOT = iphoneos;
				SWIFT_ACTIVE_COMPILATION_CONDITIONS = "DEBUG G_BARS";
				SWIFT_OPTIMIZATION_LEVEL = "-Onone";
			};
			name = Debug;
		};
		1FCB95D5286CD37800DE9DD0 /* Release */ = {
			isa = XCBuildConfiguration;
			buildSettings = {
				ALWAYS_SEARCH_USER_PATHS = NO;
				CLANG_ANALYZER_NONNULL = YES;
				CLANG_ANALYZER_NUMBER_OBJECT_CONVERSION = YES_AGGRESSIVE;
				CLANG_CXX_LANGUAGE_STANDARD = "gnu++17";
				CLANG_ENABLE_MODULES = YES;
				CLANG_ENABLE_OBJC_ARC = YES;
				CLANG_ENABLE_OBJC_WEAK = YES;
				CLANG_WARN_BLOCK_CAPTURE_AUTORELEASING = YES;
				CLANG_WARN_BOOL_CONVERSION = YES;
				CLANG_WARN_COMMA = YES;
				CLANG_WARN_CONSTANT_CONVERSION = YES;
				CLANG_WARN_DEPRECATED_OBJC_IMPLEMENTATIONS = YES;
				CLANG_WARN_DIRECT_OBJC_ISA_USAGE = YES_ERROR;
				CLANG_WARN_DOCUMENTATION_COMMENTS = YES;
				CLANG_WARN_EMPTY_BODY = YES;
				CLANG_WARN_ENUM_CONVERSION = YES;
				CLANG_WARN_INFINITE_RECURSION = YES;
				CLANG_WARN_INT_CONVERSION = YES;
				CLANG_WARN_NON_LITERAL_NULL_CONVERSION = YES;
				CLANG_WARN_OBJC_IMPLICIT_RETAIN_SELF = YES;
				CLANG_WARN_OBJC_LITERAL_CONVERSION = YES;
				CLANG_WARN_OBJC_ROOT_CLASS = YES_ERROR;
				CLANG_WARN_QUOTED_INCLUDE_IN_FRAMEWORK_HEADER = YES;
				CLANG_WARN_RANGE_LOOP_ANALYSIS = YES;
				CLANG_WARN_STRICT_PROTOTYPES = YES;
				CLANG_WARN_SUSPICIOUS_MOVE = YES;
				CLANG_WARN_UNGUARDED_AVAILABILITY = YES_AGGRESSIVE;
				CLANG_WARN_UNREACHABLE_CODE = YES;
				CLANG_WARN__DUPLICATE_METHOD_MATCH = YES;
				COPY_PHASE_STRIP = NO;
				DEBUG_INFORMATION_FORMAT = "dwarf-with-dsym";
				ENABLE_NS_ASSERTIONS = NO;
				ENABLE_STRICT_OBJC_MSGSEND = YES;
				GCC_C_LANGUAGE_STANDARD = gnu11;
				GCC_NO_COMMON_BLOCKS = YES;
				GCC_WARN_64_TO_32_BIT_CONVERSION = YES;
				GCC_WARN_ABOUT_RETURN_TYPE = YES_ERROR;
				GCC_WARN_UNDECLARED_SELECTOR = YES;
				GCC_WARN_UNINITIALIZED_AUTOS = YES_AGGRESSIVE;
				GCC_WARN_UNUSED_FUNCTION = YES;
				GCC_WARN_UNUSED_VARIABLE = YES;
				IPHONEOS_DEPLOYMENT_TARGET = 15.5;
				MTL_ENABLE_DEBUG_INFO = NO;
				MTL_FAST_MATH = YES;
				SDKROOT = iphoneos;
				SWIFT_ACTIVE_COMPILATION_CONDITIONS = G_BARS;
				SWIFT_COMPILATION_MODE = wholemodule;
				SWIFT_OPTIMIZATION_LEVEL = "-O";
				VALIDATE_PRODUCT = YES;
			};
			name = Release;
		};
		1FCB95D7286CD37800DE9DD0 /* Debug */ = {
			isa = XCBuildConfiguration;
			buildSettings = {
				ASSETCATALOG_COMPILER_APPICON_NAME = AppIcon;
				ASSETCATALOG_COMPILER_GLOBAL_ACCENT_COLOR_NAME = AccentColor;
				CODE_SIGN_STYLE = Automatic;
				CURRENT_PROJECT_VERSION = 1;
				DEVELOPMENT_ASSET_PATHS = "\"G Bars/Preview Content\"";
				DEVELOPMENT_TEAM = J2E8MMY7GM;
				ENABLE_PREVIEWS = YES;
				GENERATE_INFOPLIST_FILE = YES;
				INFOPLIST_FILE = "G-Bars-Info.plist";
				INFOPLIST_KEY_NSMotionUsageDescription = "Please allow this app to measure your activity by sampling your motions.";
				INFOPLIST_KEY_UIApplicationSceneManifest_Generation = YES;
				INFOPLIST_KEY_UIApplicationSupportsIndirectInputEvents = YES;
				INFOPLIST_KEY_UILaunchStoryboardName = LaunchScreen;
				INFOPLIST_KEY_UISupportedInterfaceOrientations_iPad = "UIInterfaceOrientationPortrait UIInterfaceOrientationPortraitUpsideDown UIInterfaceOrientationLandscapeLeft UIInterfaceOrientationLandscapeRight";
				INFOPLIST_KEY_UISupportedInterfaceOrientations_iPhone = "UIInterfaceOrientationPortrait UIInterfaceOrientationLandscapeLeft UIInterfaceOrientationLandscapeRight";
				LD_RUNPATH_SEARCH_PATHS = (
					"$(inherited)",
					"@executable_path/Frameworks",
				);
				MARKETING_VERSION = 1.0;
				PRODUCT_BUNDLE_IDENTIFIER = "com.wt9t.G-Bars";
				PRODUCT_NAME = "$(TARGET_NAME)";
				SWIFT_EMIT_LOC_STRINGS = YES;
				SWIFT_VERSION = 5.0;
				TARGETED_DEVICE_FAMILY = 1;
			};
			name = Debug;
		};
		1FCB95D8286CD37800DE9DD0 /* Release */ = {
			isa = XCBuildConfiguration;
			buildSettings = {
				ASSETCATALOG_COMPILER_APPICON_NAME = AppIcon;
				ASSETCATALOG_COMPILER_GLOBAL_ACCENT_COLOR_NAME = AccentColor;
				CODE_SIGN_STYLE = Automatic;
				CURRENT_PROJECT_VERSION = 1;
				DEVELOPMENT_ASSET_PATHS = "\"G Bars/Preview Content\"";
				DEVELOPMENT_TEAM = J2E8MMY7GM;
				ENABLE_PREVIEWS = YES;
				GENERATE_INFOPLIST_FILE = YES;
				INFOPLIST_FILE = "G-Bars-Info.plist";
				INFOPLIST_KEY_NSMotionUsageDescription = "Please allow this app to measure your activity by sampling your motions.";
				INFOPLIST_KEY_UIApplicationSceneManifest_Generation = YES;
				INFOPLIST_KEY_UIApplicationSupportsIndirectInputEvents = YES;
				INFOPLIST_KEY_UILaunchStoryboardName = LaunchScreen;
				INFOPLIST_KEY_UISupportedInterfaceOrientations_iPad = "UIInterfaceOrientationPortrait UIInterfaceOrientationPortraitUpsideDown UIInterfaceOrientationLandscapeLeft UIInterfaceOrientationLandscapeRight";
				INFOPLIST_KEY_UISupportedInterfaceOrientations_iPhone = "UIInterfaceOrientationPortrait UIInterfaceOrientationLandscapeLeft UIInterfaceOrientationLandscapeRight";
				LD_RUNPATH_SEARCH_PATHS = (
					"$(inherited)",
					"@executable_path/Frameworks",
				);
				MARKETING_VERSION = 1.0;
				PRODUCT_BUNDLE_IDENTIFIER = "com.wt9t.G-Bars";
				PRODUCT_NAME = "$(TARGET_NAME)";
				SWIFT_EMIT_LOC_STRINGS = YES;
				SWIFT_VERSION = 5.0;
				TARGETED_DEVICE_FAMILY = 1;
			};
			name = Release;
		};
		1FCB95DA286CD37800DE9DD0 /* Debug */ = {
			isa = XCBuildConfiguration;
			buildSettings = {
				ALWAYS_EMBED_SWIFT_STANDARD_LIBRARIES = YES;
				BUNDLE_LOADER = "$(TEST_HOST)";
				CODE_SIGN_STYLE = Automatic;
				CURRENT_PROJECT_VERSION = 1;
				DEVELOPMENT_TEAM = J2E8MMY7GM;
				GENERATE_INFOPLIST_FILE = YES;
				IPHONEOS_DEPLOYMENT_TARGET = 15.5;
				MARKETING_VERSION = 1.0;
				PRODUCT_BUNDLE_IDENTIFIER = "com.wt9t.G-BarsTests";
				PRODUCT_NAME = "$(TARGET_NAME)";
				SWIFT_EMIT_LOC_STRINGS = NO;
				SWIFT_VERSION = 5.0;
				TARGETED_DEVICE_FAMILY = "1,2";
				TEST_HOST = "$(BUILT_PRODUCTS_DIR)/G Bars.app/G Bars";
			};
			name = Debug;
		};
		1FCB95DB286CD37800DE9DD0 /* Release */ = {
			isa = XCBuildConfiguration;
			buildSettings = {
				ALWAYS_EMBED_SWIFT_STANDARD_LIBRARIES = YES;
				BUNDLE_LOADER = "$(TEST_HOST)";
				CODE_SIGN_STYLE = Automatic;
				CURRENT_PROJECT_VERSION = 1;
				DEVELOPMENT_TEAM = J2E8MMY7GM;
				GENERATE_INFOPLIST_FILE = YES;
				IPHONEOS_DEPLOYMENT_TARGET = 15.5;
				MARKETING_VERSION = 1.0;
				PRODUCT_BUNDLE_IDENTIFIER = "com.wt9t.G-BarsTests";
				PRODUCT_NAME = "$(TARGET_NAME)";
				SWIFT_EMIT_LOC_STRINGS = NO;
				SWIFT_VERSION = 5.0;
				TARGETED_DEVICE_FAMILY = "1,2";
				TEST_HOST = "$(BUILT_PRODUCTS_DIR)/G Bars.app/G Bars";
			};
			name = Release;
		};
		1FCB95DD286CD37800DE9DD0 /* Debug */ = {
			isa = XCBuildConfiguration;
			buildSettings = {
				ALWAYS_EMBED_SWIFT_STANDARD_LIBRARIES = YES;
				CODE_SIGN_STYLE = Automatic;
				CURRENT_PROJECT_VERSION = 1;
				DEVELOPMENT_TEAM = J2E8MMY7GM;
				GENERATE_INFOPLIST_FILE = YES;
				MARKETING_VERSION = 1.0;
				PRODUCT_BUNDLE_IDENTIFIER = "com.wt9t.G-BarsUITests";
				PRODUCT_NAME = "$(TARGET_NAME)";
				SWIFT_EMIT_LOC_STRINGS = NO;
				SWIFT_VERSION = 5.0;
				TARGETED_DEVICE_FAMILY = "1,2";
				TEST_TARGET_NAME = "G Bars";
			};
			name = Debug;
		};
		1FCB95DE286CD37800DE9DD0 /* Release */ = {
			isa = XCBuildConfiguration;
			buildSettings = {
				ALWAYS_EMBED_SWIFT_STANDARD_LIBRARIES = YES;
				CODE_SIGN_STYLE = Automatic;
				CURRENT_PROJECT_VERSION = 1;
				DEVELOPMENT_TEAM = J2E8MMY7GM;
				GENERATE_INFOPLIST_FILE = YES;
				MARKETING_VERSION = 1.0;
				PRODUCT_BUNDLE_IDENTIFIER = "com.wt9t.G-BarsUITests";
				PRODUCT_NAME = "$(TARGET_NAME)";
				SWIFT_EMIT_LOC_STRINGS = NO;
				SWIFT_VERSION = 5.0;
				TARGETED_DEVICE_FAMILY = "1,2";
				TEST_TARGET_NAME = "G Bars";
			};
			name = Release;
		};
/* End XCBuildConfiguration section */

/* Begin XCConfigurationList section */
		1FCB95AD286CD37700DE9DD0 /* Build configuration list for PBXProject "G Bars" */ = {
			isa = XCConfigurationList;
			buildConfigurations = (
				1FCB95D4286CD37800DE9DD0 /* Debug */,
				1FCB95D5286CD37800DE9DD0 /* Release */,
			);
			defaultConfigurationIsVisible = 0;
			defaultConfigurationName = Release;
		};
		1FCB95D6286CD37800DE9DD0 /* Build configuration list for PBXNativeTarget "G Bars" */ = {
			isa = XCConfigurationList;
			buildConfigurations = (
				1FCB95D7286CD37800DE9DD0 /* Debug */,
				1FCB95D8286CD37800DE9DD0 /* Release */,
			);
			defaultConfigurationIsVisible = 0;
			defaultConfigurationName = Release;
		};
		1FCB95D9286CD37800DE9DD0 /* Build configuration list for PBXNativeTarget "G BarsTests" */ = {
			isa = XCConfigurationList;
			buildConfigurations = (
				1FCB95DA286CD37800DE9DD0 /* Debug */,
				1FCB95DB286CD37800DE9DD0 /* Release */,
			);
			defaultConfigurationIsVisible = 0;
			defaultConfigurationName = Release;
		};
		1FCB95DC286CD37800DE9DD0 /* Build configuration list for PBXNativeTarget "G BarsUITests" */ = {
			isa = XCConfigurationList;
			buildConfigurations = (
				1FCB95DD286CD37800DE9DD0 /* Debug */,
				1FCB95DE286CD37800DE9DD0 /* Release */,
			);
			defaultConfigurationIsVisible = 0;
			defaultConfigurationName = Release;
		};
/* End XCConfigurationList section */

/* Begin XCRemoteSwiftPackageReference section */
		1FCB95E6286CD7A000DE9DD0 /* XCRemoteSwiftPackageReference "swift-collections" */ = {
			isa = XCRemoteSwiftPackageReference;
			repositoryURL = "https://github.com/apple/swift-collections.git";
			requirement = {
				kind = upToNextMajorVersion;
				minimumVersion = 1.0.0;
			};
		};
/* End XCRemoteSwiftPackageReference section */

/* Begin XCSwiftPackageProductDependency section */
		1FCB95E7286CD7A000DE9DD0 /* Collections */ = {
			isa = XCSwiftPackageProductDependency;
			package = 1FCB95E6286CD7A000DE9DD0 /* XCRemoteSwiftPackageReference "swift-collections" */;
			productName = Collections;
		};
		1FCB95E9286CD7A000DE9DD0 /* DequeModule */ = {
			isa = XCSwiftPackageProductDependency;
			package = 1FCB95E6286CD7A000DE9DD0 /* XCRemoteSwiftPackageReference "swift-collections" */;
			productName = DequeModule;
		};
		1FCB95EB286CD7A000DE9DD0 /* OrderedCollections */ = {
			isa = XCSwiftPackageProductDependency;
			package = 1FCB95E6286CD7A000DE9DD0 /* XCRemoteSwiftPackageReference "swift-collections" */;
			productName = OrderedCollections;
		};
/* End XCSwiftPackageProductDependency section */
	};
	rootObject = 1FCB95AA286CD37700DE9DD0 /* Project object */;
}
